
Microsoft Visual Studio Solution File, Format Version 12.00
# Visual Studio Version 16
VisualStudioVersion = 16.0.30413.136
MinimumVisualStudioVersion = 10.0.40219.1
Project("{FAE04EC0-301F-11D3-BF4B-00C04F79EFBC}") = "EmailApp", "EmailApp\EmailApp.csproj", "{8148D07C-17FC-410A-A222-277D60B744DE}"
EndProject
Global
	GlobalSection(SolutionConfigurationPlatforms) = preSolution
		Debug|Any CPU = Debug|Any CPU
		Release|Any CPU = Release|Any CPU
	EndGlobalSection
	GlobalSection(ProjectConfigurationPlatforms) = postSolution
		{8148D07C-17FC-410A-A222-277D60B744DE}.Debug|Any CPU.ActiveCfg = Debug|Any CPU
		{8148D07C-17FC-410A-A222-277D60B744DE}.Debug|Any CPU.Build.0 = Debug|Any CPU
		{8148D07C-17FC-410A-A222-277D60B744DE}.Release|Any CPU.ActiveCfg = Release|Any CPU
		{8148D07C-17FC-410A-A222-277D60B744DE}.Release|Any CPU.Build.0 = Release|Any CPU
	EndGlobalSection
	GlobalSection(SolutionProperties) = preSolution
		HideSolutionNode = FALSE
	EndGlobalSection
	GlobalSection(ExtensibilityGlobals) = postSolution
		SolutionGuid = {7A37CAC5-80B9-46A6-A0B5-03C705F90764}
	EndGlobalSection
EndGlobal
